
Microsoft Visual Studio Solution File, Format Version 12.00
# Visual Studio 2013
VisualStudioVersion = 12.0.31101.0
MinimumVisualStudioVersion = 10.0.40219.1
Project("{FAE04EC0-301F-11D3-BF4B-00C04F79EFBC}") = "Testing", "DistributedComponentsFinal\Testing.csproj", "{F4C6B725-D2F2-440B-A903-E9B8FC5D5810}"
EndProject
Project("{FAE04EC0-301F-11D3-BF4B-00C04F79EFBC}") = "Client", "Client\Client.csproj", "{A0AE5575-930E-40E4-9CD3-1D963ADBB66F}"
EndProject
Project("{FAE04EC0-301F-11D3-BF4B-00C04F79EFBC}") = "CommonRessources", "CommonInterfaces\CommonRessources.csproj", "{3467A53A-21D2-4B8A-9928-7F5CC5F6CB2E}"
EndProject
Project("{FAE04EC0-301F-11D3-BF4B-00C04F79EFBC}") = "Server", "Server\Server.csproj", "{86AD65B2-2B9C-4E3E-B5B2-85377FFA6BA2}"
EndProject
Project("{FAE04EC0-301F-11D3-BF4B-00C04F79EFBC}") = "GuiClientWPF", "GuiClientWPF\GuiClientWPF.csproj", "{7AAD5B66-2C09-4F1E-9042-BBFFF989ADAD}"
EndProject
Project("{FAE04EC0-301F-11D3-BF4B-00C04F79EFBC}") = "Core.Component", "Core.Component\Core.Component.csproj", "{3CBFF49B-E085-49AF-8AA5-E3BAB177B179}"
EndProject
Project("{FAE04EC0-301F-11D3-BF4B-00C04F79EFBC}") = "Core.Network", "Core.Network\Core.Network.csproj", "{B1B4B865-F61C-4ED7-93EC-01C6339A82B6}"
EndProject
Project("{FAE04EC0-301F-11D3-BF4B-00C04F79EFBC}") = "DataStore", "DataStore\DataStore.csproj", "{DEAC972D-E853-4D12-A41B-1FD4F29E98EC}"
EndProject
Project("{FAE04EC0-301F-11D3-BF4B-00C04F79EFBC}") = "AppLogic", "AppLogic\AppLogic.csproj", "{53DAAE9E-DE74-4FCE-848D-4C86D43A0362}"
EndProject
Project("{FAE04EC0-301F-11D3-BF4B-00C04F79EFBC}") = "AddComponent", "AddComponent\AddComponent.csproj", "{1E0E1066-E713-4912-BCDF-3ACE0234E9F7}"
EndProject
Project("{FAE04EC0-301F-11D3-BF4B-00C04F79EFBC}") = "MultiplyComponent", "MultiplyComponent\MultiplyComponent.csproj", "{BB9FCAA9-AF39-49DD-8A51-E8D9C7CED3A0}"
EndProject
Project("{FAE04EC0-301F-11D3-BF4B-00C04F79EFBC}") = "SubtractComponent", "SubtractComponent\SubtractComponent.csproj", "{629C2A1C-B0FA-4BB4-B5C8-1E7182E16561}"
EndProject
Project("{FAE04EC0-301F-11D3-BF4B-00C04F79EFBC}") = "DivideComponent", "DivideComponent\DivideComponent.csproj", "{C0763F24-33B3-47B8-BF36-A7878C1A5227}"
EndProject
Project("{FAE04EC0-301F-11D3-BF4B-00C04F79EFBC}") = "ToInt32", "ToInt32\ToInt32.csproj", "{47831B78-823F-431D-AC24-A76953EB1A85}"
EndProject
Project("{FAE04EC0-301F-11D3-BF4B-00C04F79EFBC}") = "InputComponent", "InputComponent\InputComponent.csproj", "{3949711A-3846-48D1-BCAA-389C1A8F98ED}"
EndProject
Project("{FAE04EC0-301F-11D3-BF4B-00C04F79EFBC}") = "InputComponentWpf", "InputComponentWpf\InputComponentWpf.csproj", "{D8ACF8AB-40AD-4B6A-9997-6862556B33E9}"
EndProject
Project("{FAE04EC0-301F-11D3-BF4B-00C04F79EFBC}") = "TestingServer", "TestingServer\TestingServer.csproj", "{C71BBF85-5F9B-47C5-AA05-1BC98706D3E0}"
EndProject
Global
	GlobalSection(SolutionConfigurationPlatforms) = preSolution
		Debug|Any CPU = Debug|Any CPU
		Release|Any CPU = Release|Any CPU
	EndGlobalSection
	GlobalSection(ProjectConfigurationPlatforms) = postSolution
		{F4C6B725-D2F2-440B-A903-E9B8FC5D5810}.Debug|Any CPU.ActiveCfg = Debug|Any CPU
		{F4C6B725-D2F2-440B-A903-E9B8FC5D5810}.Debug|Any CPU.Build.0 = Debug|Any CPU
		{F4C6B725-D2F2-440B-A903-E9B8FC5D5810}.Release|Any CPU.ActiveCfg = Release|Any CPU
		{F4C6B725-D2F2-440B-A903-E9B8FC5D5810}.Release|Any CPU.Build.0 = Release|Any CPU
		{A0AE5575-930E-40E4-9CD3-1D963ADBB66F}.Debug|Any CPU.ActiveCfg = Debug|Any CPU
		{A0AE5575-930E-40E4-9CD3-1D963ADBB66F}.Debug|Any CPU.Build.0 = Debug|Any CPU
		{A0AE5575-930E-40E4-9CD3-1D963ADBB66F}.Release|Any CPU.ActiveCfg = Release|Any CPU
		{A0AE5575-930E-40E4-9CD3-1D963ADBB66F}.Release|Any CPU.Build.0 = Release|Any CPU
		{3467A53A-21D2-4B8A-9928-7F5CC5F6CB2E}.Debug|Any CPU.ActiveCfg = Debug|Any CPU
		{3467A53A-21D2-4B8A-9928-7F5CC5F6CB2E}.Debug|Any CPU.Build.0 = Debug|Any CPU
		{3467A53A-21D2-4B8A-9928-7F5CC5F6CB2E}.Release|Any CPU.ActiveCfg = Release|Any CPU
		{3467A53A-21D2-4B8A-9928-7F5CC5F6CB2E}.Release|Any CPU.Build.0 = Release|Any CPU
		{86AD65B2-2B9C-4E3E-B5B2-85377FFA6BA2}.Debug|Any CPU.ActiveCfg = Debug|Any CPU
		{86AD65B2-2B9C-4E3E-B5B2-85377FFA6BA2}.Debug|Any CPU.Build.0 = Debug|Any CPU
		{86AD65B2-2B9C-4E3E-B5B2-85377FFA6BA2}.Release|Any CPU.ActiveCfg = Release|Any CPU
		{86AD65B2-2B9C-4E3E-B5B2-85377FFA6BA2}.Release|Any CPU.Build.0 = Release|Any CPU
		{7AAD5B66-2C09-4F1E-9042-BBFFF989ADAD}.Debug|Any CPU.ActiveCfg = Debug|Any CPU
		{7AAD5B66-2C09-4F1E-9042-BBFFF989ADAD}.Debug|Any CPU.Build.0 = Debug|Any CPU
		{7AAD5B66-2C09-4F1E-9042-BBFFF989ADAD}.Release|Any CPU.ActiveCfg = Release|Any CPU
		{7AAD5B66-2C09-4F1E-9042-BBFFF989ADAD}.Release|Any CPU.Build.0 = Release|Any CPU
		{3CBFF49B-E085-49AF-8AA5-E3BAB177B179}.Debug|Any CPU.ActiveCfg = Debug|Any CPU
		{3CBFF49B-E085-49AF-8AA5-E3BAB177B179}.Debug|Any CPU.Build.0 = Debug|Any CPU
		{3CBFF49B-E085-49AF-8AA5-E3BAB177B179}.Release|Any CPU.ActiveCfg = Release|Any CPU
		{3CBFF49B-E085-49AF-8AA5-E3BAB177B179}.Release|Any CPU.Build.0 = Release|Any CPU
		{B1B4B865-F61C-4ED7-93EC-01C6339A82B6}.Debug|Any CPU.ActiveCfg = Debug|Any CPU
		{B1B4B865-F61C-4ED7-93EC-01C6339A82B6}.Debug|Any CPU.Build.0 = Debug|Any CPU
		{B1B4B865-F61C-4ED7-93EC-01C6339A82B6}.Release|Any CPU.ActiveCfg = Release|Any CPU
		{B1B4B865-F61C-4ED7-93EC-01C6339A82B6}.Release|Any CPU.Build.0 = Release|Any CPU
		{DEAC972D-E853-4D12-A41B-1FD4F29E98EC}.Debug|Any CPU.ActiveCfg = Debug|Any CPU
		{DEAC972D-E853-4D12-A41B-1FD4F29E98EC}.Debug|Any CPU.Build.0 = Debug|Any CPU
		{DEAC972D-E853-4D12-A41B-1FD4F29E98EC}.Release|Any CPU.ActiveCfg = Release|Any CPU
		{DEAC972D-E853-4D12-A41B-1FD4F29E98EC}.Release|Any CPU.Build.0 = Release|Any CPU
		{53DAAE9E-DE74-4FCE-848D-4C86D43A0362}.Debug|Any CPU.ActiveCfg = Debug|Any CPU
		{53DAAE9E-DE74-4FCE-848D-4C86D43A0362}.Debug|Any CPU.Build.0 = Debug|Any CPU
		{53DAAE9E-DE74-4FCE-848D-4C86D43A0362}.Release|Any CPU.ActiveCfg = Release|Any CPU
		{53DAAE9E-DE74-4FCE-848D-4C86D43A0362}.Release|Any CPU.Build.0 = Release|Any CPU
		{1E0E1066-E713-4912-BCDF-3ACE0234E9F7}.Debug|Any CPU.ActiveCfg = Debug|Any CPU
		{1E0E1066-E713-4912-BCDF-3ACE0234E9F7}.Debug|Any CPU.Build.0 = Debug|Any CPU
		{1E0E1066-E713-4912-BCDF-3ACE0234E9F7}.Release|Any CPU.ActiveCfg = Release|Any CPU
		{1E0E1066-E713-4912-BCDF-3ACE0234E9F7}.Release|Any CPU.Build.0 = Release|Any CPU
		{BB9FCAA9-AF39-49DD-8A51-E8D9C7CED3A0}.Debug|Any CPU.ActiveCfg = Debug|Any CPU
		{BB9FCAA9-AF39-49DD-8A51-E8D9C7CED3A0}.Debug|Any CPU.Build.0 = Debug|Any CPU
		{BB9FCAA9-AF39-49DD-8A51-E8D9C7CED3A0}.Release|Any CPU.ActiveCfg = Release|Any CPU
		{BB9FCAA9-AF39-49DD-8A51-E8D9C7CED3A0}.Release|Any CPU.Build.0 = Release|Any CPU
		{629C2A1C-B0FA-4BB4-B5C8-1E7182E16561}.Debug|Any CPU.ActiveCfg = Debug|Any CPU
		{629C2A1C-B0FA-4BB4-B5C8-1E7182E16561}.Debug|Any CPU.Build.0 = Debug|Any CPU
		{629C2A1C-B0FA-4BB4-B5C8-1E7182E16561}.Release|Any CPU.ActiveCfg = Release|Any CPU
		{629C2A1C-B0FA-4BB4-B5C8-1E7182E16561}.Release|Any CPU.Build.0 = Release|Any CPU
		{C0763F24-33B3-47B8-BF36-A7878C1A5227}.Debug|Any CPU.ActiveCfg = Debug|Any CPU
		{C0763F24-33B3-47B8-BF36-A7878C1A5227}.Debug|Any CPU.Build.0 = Debug|Any CPU
		{C0763F24-33B3-47B8-BF36-A7878C1A5227}.Release|Any CPU.ActiveCfg = Release|Any CPU
		{C0763F24-33B3-47B8-BF36-A7878C1A5227}.Release|Any CPU.Build.0 = Release|Any CPU
		{47831B78-823F-431D-AC24-A76953EB1A85}.Debug|Any CPU.ActiveCfg = Debug|Any CPU
		{47831B78-823F-431D-AC24-A76953EB1A85}.Debug|Any CPU.Build.0 = Debug|Any CPU
		{47831B78-823F-431D-AC24-A76953EB1A85}.Release|Any CPU.ActiveCfg = Release|Any CPU
		{47831B78-823F-431D-AC24-A76953EB1A85}.Release|Any CPU.Build.0 = Release|Any CPU
		{3949711A-3846-48D1-BCAA-389C1A8F98ED}.Debug|Any CPU.ActiveCfg = Debug|Any CPU
		{3949711A-3846-48D1-BCAA-389C1A8F98ED}.Debug|Any CPU.Build.0 = Debug|Any CPU
		{3949711A-3846-48D1-BCAA-389C1A8F98ED}.Release|Any CPU.ActiveCfg = Release|Any CPU
		{3949711A-3846-48D1-BCAA-389C1A8F98ED}.Release|Any CPU.Build.0 = Release|Any CPU
		{D8ACF8AB-40AD-4B6A-9997-6862556B33E9}.Debug|Any CPU.ActiveCfg = Debug|Any CPU
		{D8ACF8AB-40AD-4B6A-9997-6862556B33E9}.Debug|Any CPU.Build.0 = Debug|Any CPU
		{D8ACF8AB-40AD-4B6A-9997-6862556B33E9}.Release|Any CPU.ActiveCfg = Release|Any CPU
		{D8ACF8AB-40AD-4B6A-9997-6862556B33E9}.Release|Any CPU.Build.0 = Release|Any CPU
		{C71BBF85-5F9B-47C5-AA05-1BC98706D3E0}.Debug|Any CPU.ActiveCfg = Debug|Any CPU
		{C71BBF85-5F9B-47C5-AA05-1BC98706D3E0}.Debug|Any CPU.Build.0 = Debug|Any CPU
		{C71BBF85-5F9B-47C5-AA05-1BC98706D3E0}.Release|Any CPU.ActiveCfg = Release|Any CPU
		{C71BBF85-5F9B-47C5-AA05-1BC98706D3E0}.Release|Any CPU.Build.0 = Release|Any CPU
	EndGlobalSection
	GlobalSection(SolutionProperties) = preSolution
		HideSolutionNode = FALSE
	EndGlobalSection
EndGlobal
